
Microsoft Visual Studio Solution File, Format Version 12.00
# Visual Studio Version 17
VisualStudioVersion = 17.14.36717.8 d17.14
MinimumVisualStudioVersion = 10.0.40219.1
Project("{FAE04EC0-301F-11D3-BF4B-00C04F79EFBC}") = "PandaUmbrellaMod", "PandaUmbrellaMod.csproj", "{DFFDC9A6-7885-489E-9D1A-08B423985743}"
EndProject
Global
	GlobalSection(SolutionConfigurationPlatforms) = preSolution
		Debug|Any CPU = Debug|Any CPU
		Release|Any CPU = Release|Any CPU
	EndGlobalSection
	GlobalSection(ProjectConfigurationPlatforms) = postSolution
		{DFFDC9A6-7885-489E-9D1A-08B423985743}.Debug|Any CPU.ActiveCfg = Debug|Any CPU
		{DFFDC9A6-7885-489E-9D1A-08B423985743}.Debug|Any CPU.Build.0 = Debug|Any CPU
		{DFFDC9A6-7885-489E-9D1A-08B423985743}.Release|Any CPU.ActiveCfg = Release|Any CPU
		{DFFDC9A6-7885-489E-9D1A-08B423985743}.Release|Any CPU.Build.0 = Release|Any CPU
	EndGlobalSection
	GlobalSection(SolutionProperties) = preSolution
		HideSolutionNode = FALSE
	EndGlobalSection
	GlobalSection(ExtensibilityGlobals) = postSolution
		SolutionGuid = {DF72D380-9A32-49F5-9E7B-8A0138BA3884}
	EndGlobalSection
EndGlobal
